// !$*UTF8*$!
{
	archiveVersion = 1;
	classes = {
	};
	objectVersion = 52;
	objects = {

/* Begin PBXBuildFile section */
		0001C7B927197BE6005F9E0E /* ImageAPIServiceProxy.swift in Sources */ = {isa = PBXBuildFile; fileRef = 0001C7B827197BE6005F9E0E /* ImageAPIServiceProxy.swift */; };
		0001C7BB27198EA1005F9E0E /* CustomError.swift in Sources */ = {isa = PBXBuildFile; fileRef = 0001C7BA27198EA1005F9E0E /* CustomError.swift */; };
		0004681926B3F21D00D3524F /* MovieReleaseInfoTableViewCell.swift in Sources */ = {isa = PBXBuildFile; fileRef = 0004681826B3F21D00D3524F /* MovieReleaseInfoTableViewCell.swift */; };
		0004681B26B3F62100D3524F /* UIImage+.swift in Sources */ = {isa = PBXBuildFile; fileRef = 0004681A26B3F62100D3524F /* UIImage+.swift */; };
		0004681D26B40C9E00D3524F /* MovieOverviewTableViewCell.swift in Sources */ = {isa = PBXBuildFile; fileRef = 0004681C26B40C9E00D3524F /* MovieOverviewTableViewCell.swift */; };
		000A3BB827148FA900F558E0 /* MovieListViewModel.swift in Sources */ = {isa = PBXBuildFile; fileRef = 000A3BB727148FA900F558E0 /* MovieListViewModel.swift */; };
		000A3BBA27149A9200F558E0 /* Typealiases.swift in Sources */ = {isa = PBXBuildFile; fileRef = 000A3BB927149A9200F558E0 /* Typealiases.swift */; };
		000A3BBC27149AD300F558E0 /* ViewData.swift in Sources */ = {isa = PBXBuildFile; fileRef = 000A3BBB27149AD300F558E0 /* ViewData.swift */; };
		000E8D03271728B7000C6DE5 /* BaseCoordinatorProtocol.swift in Sources */ = {isa = PBXBuildFile; fileRef = 000E8D02271728B7000C6DE5 /* BaseCoordinatorProtocol.swift */; };
		000E8D082717294A000C6DE5 /* MoviesListViewController.swift in Sources */ = {isa = PBXBuildFile; fileRef = 000E8D062717294A000C6DE5 /* MoviesListViewController.swift */; };
		000E8D092717294A000C6DE5 /* MovieCollectionViewCell.swift in Sources */ = {isa = PBXBuildFile; fileRef = 000E8D072717294A000C6DE5 /* MovieCollectionViewCell.swift */; };
		000E8D0B27172A63000C6DE5 /* UIApplication+.swift in Sources */ = {isa = PBXBuildFile; fileRef = 000E8D0A27172A63000C6DE5 /* UIApplication+.swift */; };
		000E8D0D27172EDD000C6DE5 /* ApplicationCoordinator.swift in Sources */ = {isa = PBXBuildFile; fileRef = 000E8D0C27172EDD000C6DE5 /* ApplicationCoordinator.swift */; };
		000E8D1027172FC0000C6DE5 /* MovieListCoordinator.swift in Sources */ = {isa = PBXBuildFile; fileRef = 000E8D0F27172FC0000C6DE5 /* MovieListCoordinator.swift */; };
		000E8D1827175CE3000C6DE5 /* CoordinatorTests.swift in Sources */ = {isa = PBXBuildFile; fileRef = 000E8D1727175CE3000C6DE5 /* CoordinatorTests.swift */; };
		00289C632715CE8500EE8D0D /* GlobalConstants.swift in Sources */ = {isa = PBXBuildFile; fileRef = 00289C622715CE8500EE8D0D /* GlobalConstants.swift */; };
		002CEC3426B21881001C0AD0 /* MoviesCategories.swift in Sources */ = {isa = PBXBuildFile; fileRef = 002CEC3326B21881001C0AD0 /* MoviesCategories.swift */; };
		00319DFB26AEAD340027FC18 /* AppDelegate.swift in Sources */ = {isa = PBXBuildFile; fileRef = 00319DFA26AEAD340027FC18 /* AppDelegate.swift */; };
		00319DFD26AEAD340027FC18 /* SceneDelegate.swift in Sources */ = {isa = PBXBuildFile; fileRef = 00319DFC26AEAD340027FC18 /* SceneDelegate.swift */; };
		00319E0426AEAD350027FC18 /* Assets.xcassets in Resources */ = {isa = PBXBuildFile; fileRef = 00319E0326AEAD350027FC18 /* Assets.xcassets */; };
		00319E0726AEAD350027FC18 /* LaunchScreen.storyboard in Resources */ = {isa = PBXBuildFile; fileRef = 00319E0526AEAD350027FC18 /* LaunchScreen.storyboard */; };
		00393AA326B2B511002C8E6C /* MovieDetailView.swift in Sources */ = {isa = PBXBuildFile; fileRef = 00393AA226B2B511002C8E6C /* MovieDetailView.swift */; };
		00393AA526B2B783002C8E6C /* MovieInfo.swift in Sources */ = {isa = PBXBuildFile; fileRef = 00393AA426B2B783002C8E6C /* MovieInfo.swift */; };
		00393AA826B2E514002C8E6C /* MoviePosterTableViewCell.swift in Sources */ = {isa = PBXBuildFile; fileRef = 00393AA726B2E514002C8E6C /* MoviePosterTableViewCell.swift */; };
		00393AAA26B34B7E002C8E6C /* MovieRatingTableViewCell.swift in Sources */ = {isa = PBXBuildFile; fileRef = 00393AA926B34B7E002C8E6C /* MovieRatingTableViewCell.swift */; };
		00393AAC26B35020002C8E6C /* UILabel+.swift in Sources */ = {isa = PBXBuildFile; fileRef = 00393AAB26B35020002C8E6C /* UILabel+.swift */; };
		005B3EA42716FEA50059CB2C /* MovieInfoCell.swift in Sources */ = {isa = PBXBuildFile; fileRef = 005B3EA32716FEA50059CB2C /* MovieInfoCell.swift */; };
		0060AB912714C7F90050E2BC /* MovieCellViewModel.swift in Sources */ = {isa = PBXBuildFile; fileRef = 0060AB902714C7F90050E2BC /* MovieCellViewModel.swift */; };
		0060AB952714EB830050E2BC /* UIView+.swift in Sources */ = {isa = PBXBuildFile; fileRef = 0060AB942714EB820050E2BC /* UIView+.swift */; };
		006F74E32719D26000BE9EBB /* MovieAppUITests.swift in Sources */ = {isa = PBXBuildFile; fileRef = 006F74E22719D26000BE9EBB /* MovieAppUITests.swift */; };
		006F74EC2719D30E00BE9EBB /* XCUIElement+.swift in Sources */ = {isa = PBXBuildFile; fileRef = 006F74EB2719D30E00BE9EBB /* XCUIElement+.swift */; };
		006F74EE2719DB9200BE9EBB /* RealmRepositoryTest.swift in Sources */ = {isa = PBXBuildFile; fileRef = 006F74ED2719DB9200BE9EBB /* RealmRepositoryTest.swift */; };
		006F74F02719E20700BE9EBB /* CacheServiceTest.swift in Sources */ = {isa = PBXBuildFile; fileRef = 006F74EF2719E20700BE9EBB /* CacheServiceTest.swift */; };
		006F74F42719EC4000BE9EBB /* MovieListViewModelTest.swift in Sources */ = {isa = PBXBuildFile; fileRef = 006F74F32719EC4000BE9EBB /* MovieListViewModelTest.swift */; };
		006F74F62719F36700BE9EBB /* MockMoviesAPIService.swift in Sources */ = {isa = PBXBuildFile; fileRef = 006F74F52719F36700BE9EBB /* MockMoviesAPIService.swift */; };
		006F74F82719FBE300BE9EBB /* AssemblyTest.swift in Sources */ = {isa = PBXBuildFile; fileRef = 006F74F72719FBE300BE9EBB /* AssemblyTest.swift */; };
		006F74FB271A011200BE9EBB /* MockNavigationController.swift in Sources */ = {isa = PBXBuildFile; fileRef = 006F74FA271A011200BE9EBB /* MockNavigationController.swift */; };
		006F74FD271A01F900BE9EBB /* MockRepository.swift in Sources */ = {isa = PBXBuildFile; fileRef = 006F74FC271A01F900BE9EBB /* MockRepository.swift */; };
		0075C61C271849FC001F2504 /* ImageService.swift in Sources */ = {isa = PBXBuildFile; fileRef = 0075C61B271849FC001F2504 /* ImageService.swift */; };
		0075C62027185E0E001F2504 /* CacheService.swift in Sources */ = {isa = PBXBuildFile; fileRef = 0075C61F27185E0E001F2504 /* CacheService.swift */; };
		0098CDBB2718BB3200912797 /* Repository.swift in Sources */ = {isa = PBXBuildFile; fileRef = 0098CDBA2718BB3200912797 /* Repository.swift */; };
		0098CDBD2718BE5600912797 /* RealmRepository.swift in Sources */ = {isa = PBXBuildFile; fileRef = 0098CDBC2718BE5600912797 /* RealmRepository.swift */; };
		0098CDC02718C12700912797 /* Realm in Frameworks */ = {isa = PBXBuildFile; productRef = 0098CDBF2718C12700912797 /* Realm */; };
		0098CDC22718C12700912797 /* RealmSwift in Frameworks */ = {isa = PBXBuildFile; productRef = 0098CDC12718C12700912797 /* RealmSwift */; };
		0098CDC4271973BA00912797 /* ImageAPIService.swift in Sources */ = {isa = PBXBuildFile; fileRef = 0098CDC3271973BA00912797 /* ImageAPIService.swift */; };
		00A56C02271A269F00A75FE1 /* MovieCellViewModelTest.swift in Sources */ = {isa = PBXBuildFile; fileRef = 00A56C01271A269F00A75FE1 /* MovieCellViewModelTest.swift */; };
		00AD94B326B55033003CF3E6 /* UIViewController+.swift in Sources */ = {isa = PBXBuildFile; fileRef = 00AD94B226B55033003CF3E6 /* UIViewController+.swift */; };
		00ADBB4627160335008A39A6 /* MovieDetailViewModel.swift in Sources */ = {isa = PBXBuildFile; fileRef = 00ADBB432715F5D0008A39A6 /* MovieDetailViewModel.swift */; };
		00ADBB472716033A008A39A6 /* MovieDetailViewController.swift in Sources */ = {isa = PBXBuildFile; fileRef = 00393AA026B2B3A4002C8E6C /* MovieDetailViewController.swift */; };
		00ADBB4927162224008A39A6 /* Assembly.swift in Sources */ = {isa = PBXBuildFile; fileRef = 00ADBB4827162224008A39A6 /* Assembly.swift */; };
		00ADD90626B1575F0077DBB7 /* MovieAPIService.swift in Sources */ = {isa = PBXBuildFile; fileRef = 00ADD90526B1575F0077DBB7 /* MovieAPIService.swift */; };
		00ADD90826B157800077DBB7 /* URLConstants.swift in Sources */ = {isa = PBXBuildFile; fileRef = 00ADD90726B157800077DBB7 /* URLConstants.swift */; };
		00ADD90A26B158E30077DBB7 /* MoviesList.swift in Sources */ = {isa = PBXBuildFile; fileRef = 00ADD90926B158E30077DBB7 /* MoviesList.swift */; };
		00CEA67E26B19611006B01E2 /* BaseNavigationController.swift in Sources */ = {isa = PBXBuildFile; fileRef = 00CEA67D26B19611006B01E2 /* BaseNavigationController.swift */; };
		00CEA68026B1B856006B01E2 /* FooterView.swift in Sources */ = {isa = PBXBuildFile; fileRef = 00CEA67F26B1B856006B01E2 /* FooterView.swift */; };
		00CEA68326B1E475006B01E2 /* UIButton+.swift in Sources */ = {isa = PBXBuildFile; fileRef = 00CEA68226B1E475006B01E2 /* UIButton+.swift */; };
/* End PBXBuildFile section */

/* Begin PBXContainerItemProxy section */
		000E8D1927175CE3000C6DE5 /* PBXContainerItemProxy */ = {
			isa = PBXContainerItemProxy;
			containerPortal = 00319DEF26AEAD340027FC18 /* Project object */;
			proxyType = 1;
			remoteGlobalIDString = 00319DF626AEAD340027FC18;
			remoteInfo = MoviesApp;
		};
		006F74E62719D26000BE9EBB /* PBXContainerItemProxy */ = {
			isa = PBXContainerItemProxy;
			containerPortal = 00319DEF26AEAD340027FC18 /* Project object */;
			proxyType = 1;
			remoteGlobalIDString = 00319DF626AEAD340027FC18;
			remoteInfo = MoviesApp;
		};
/* End PBXContainerItemProxy section */

/* Begin PBXFileReference section */
		0001C7B827197BE6005F9E0E /* ImageAPIServiceProxy.swift */ = {isa = PBXFileReference; lastKnownFileType = sourcecode.swift; path = ImageAPIServiceProxy.swift; sourceTree = "<group>"; };
		0001C7BA27198EA1005F9E0E /* CustomError.swift */ = {isa = PBXFileReference; lastKnownFileType = sourcecode.swift; path = CustomError.swift; sourceTree = "<group>"; };
		0004681826B3F21D00D3524F /* MovieReleaseInfoTableViewCell.swift */ = {isa = PBXFileReference; lastKnownFileType = sourcecode.swift; path = MovieReleaseInfoTableViewCell.swift; sourceTree = "<group>"; };
		0004681A26B3F62100D3524F /* UIImage+.swift */ = {isa = PBXFileReference; lastKnownFileType = sourcecode.swift; path = "UIImage+.swift"; sourceTree = "<group>"; };
		0004681C26B40C9E00D3524F /* MovieOverviewTableViewCell.swift */ = {isa = PBXFileReference; lastKnownFileType = sourcecode.swift; path = MovieOverviewTableViewCell.swift; sourceTree = "<group>"; };
		000A3BB727148FA900F558E0 /* MovieListViewModel.swift */ = {isa = PBXFileReference; lastKnownFileType = sourcecode.swift; path = MovieListViewModel.swift; sourceTree = "<group>"; };
		000A3BB927149A9200F558E0 /* Typealiases.swift */ = {isa = PBXFileReference; lastKnownFileType = sourcecode.swift; path = Typealiases.swift; sourceTree = "<group>"; };
		000A3BBB27149AD300F558E0 /* ViewData.swift */ = {isa = PBXFileReference; lastKnownFileType = sourcecode.swift; path = ViewData.swift; sourceTree = "<group>"; };
		000E8D02271728B7000C6DE5 /* BaseCoordinatorProtocol.swift */ = {isa = PBXFileReference; lastKnownFileType = sourcecode.swift; path = BaseCoordinatorProtocol.swift; sourceTree = "<group>"; };
		000E8D062717294A000C6DE5 /* MoviesListViewController.swift */ = {isa = PBXFileReference; fileEncoding = 4; lastKnownFileType = sourcecode.swift; path = MoviesListViewController.swift; sourceTree = "<group>"; };
		000E8D072717294A000C6DE5 /* MovieCollectionViewCell.swift */ = {isa = PBXFileReference; fileEncoding = 4; lastKnownFileType = sourcecode.swift; path = MovieCollectionViewCell.swift; sourceTree = "<group>"; };
		000E8D0A27172A63000C6DE5 /* UIApplication+.swift */ = {isa = PBXFileReference; lastKnownFileType = sourcecode.swift; path = "UIApplication+.swift"; sourceTree = "<group>"; };
		000E8D0C27172EDD000C6DE5 /* ApplicationCoordinator.swift */ = {isa = PBXFileReference; lastKnownFileType = sourcecode.swift; path = ApplicationCoordinator.swift; sourceTree = "<group>"; };
		000E8D0F27172FC0000C6DE5 /* MovieListCoordinator.swift */ = {isa = PBXFileReference; lastKnownFileType = sourcecode.swift; path = MovieListCoordinator.swift; sourceTree = "<group>"; };
		000E8D1527175CE3000C6DE5 /* MoviesAppTests.xctest */ = {isa = PBXFileReference; explicitFileType = wrapper.cfbundle; includeInIndex = 0; path = MoviesAppTests.xctest; sourceTree = BUILT_PRODUCTS_DIR; };
		000E8D1727175CE3000C6DE5 /* CoordinatorTests.swift */ = {isa = PBXFileReference; lastKnownFileType = sourcecode.swift; path = CoordinatorTests.swift; sourceTree = "<group>"; };
		00289C622715CE8500EE8D0D /* GlobalConstants.swift */ = {isa = PBXFileReference; lastKnownFileType = sourcecode.swift; path = GlobalConstants.swift; sourceTree = "<group>"; };
		002CEC3326B21881001C0AD0 /* MoviesCategories.swift */ = {isa = PBXFileReference; lastKnownFileType = sourcecode.swift; path = MoviesCategories.swift; sourceTree = "<group>"; };
		00319DF726AEAD340027FC18 /* MoviesApp.app */ = {isa = PBXFileReference; explicitFileType = wrapper.application; includeInIndex = 0; path = MoviesApp.app; sourceTree = BUILT_PRODUCTS_DIR; };
		00319DFA26AEAD340027FC18 /* AppDelegate.swift */ = {isa = PBXFileReference; lastKnownFileType = sourcecode.swift; path = AppDelegate.swift; sourceTree = "<group>"; };
		00319DFC26AEAD340027FC18 /* SceneDelegate.swift */ = {isa = PBXFileReference; lastKnownFileType = sourcecode.swift; path = SceneDelegate.swift; sourceTree = "<group>"; };
		00319E0326AEAD350027FC18 /* Assets.xcassets */ = {isa = PBXFileReference; lastKnownFileType = folder.assetcatalog; path = Assets.xcassets; sourceTree = "<group>"; };
		00319E0626AEAD350027FC18 /* Base */ = {isa = PBXFileReference; lastKnownFileType = file.storyboard; name = Base; path = Base.lproj/LaunchScreen.storyboard; sourceTree = "<group>"; };
		00319E0826AEAD350027FC18 /* Info.plist */ = {isa = PBXFileReference; lastKnownFileType = text.plist.xml; path = Info.plist; sourceTree = "<group>"; };
		00393AA026B2B3A4002C8E6C /* MovieDetailViewController.swift */ = {isa = PBXFileReference; lastKnownFileType = sourcecode.swift; path = MovieDetailViewController.swift; sourceTree = "<group>"; };
		00393AA226B2B511002C8E6C /* MovieDetailView.swift */ = {isa = PBXFileReference; lastKnownFileType = sourcecode.swift; path = MovieDetailView.swift; sourceTree = "<group>"; };
		00393AA426B2B783002C8E6C /* MovieInfo.swift */ = {isa = PBXFileReference; lastKnownFileType = sourcecode.swift; path = MovieInfo.swift; sourceTree = "<group>"; };
		00393AA726B2E514002C8E6C /* MoviePosterTableViewCell.swift */ = {isa = PBXFileReference; lastKnownFileType = sourcecode.swift; path = MoviePosterTableViewCell.swift; sourceTree = "<group>"; };
		00393AA926B34B7E002C8E6C /* MovieRatingTableViewCell.swift */ = {isa = PBXFileReference; lastKnownFileType = sourcecode.swift; path = MovieRatingTableViewCell.swift; sourceTree = "<group>"; };
		00393AAB26B35020002C8E6C /* UILabel+.swift */ = {isa = PBXFileReference; lastKnownFileType = sourcecode.swift; path = "UILabel+.swift"; sourceTree = "<group>"; };
		005B3EA32716FEA50059CB2C /* MovieInfoCell.swift */ = {isa = PBXFileReference; lastKnownFileType = sourcecode.swift; path = MovieInfoCell.swift; sourceTree = "<group>"; };
		0060AB902714C7F90050E2BC /* MovieCellViewModel.swift */ = {isa = PBXFileReference; lastKnownFileType = sourcecode.swift; path = MovieCellViewModel.swift; sourceTree = "<group>"; };
		0060AB942714EB820050E2BC /* UIView+.swift */ = {isa = PBXFileReference; lastKnownFileType = sourcecode.swift; path = "UIView+.swift"; sourceTree = "<group>"; };
		006F74E02719D26000BE9EBB /* MovieAppUITests.xctest */ = {isa = PBXFileReference; explicitFileType = wrapper.cfbundle; includeInIndex = 0; path = MovieAppUITests.xctest; sourceTree = BUILT_PRODUCTS_DIR; };
		006F74E22719D26000BE9EBB /* MovieAppUITests.swift */ = {isa = PBXFileReference; lastKnownFileType = sourcecode.swift; path = MovieAppUITests.swift; sourceTree = "<group>"; };
		006F74EB2719D30E00BE9EBB /* XCUIElement+.swift */ = {isa = PBXFileReference; lastKnownFileType = sourcecode.swift; path = "XCUIElement+.swift"; sourceTree = "<group>"; };
		006F74ED2719DB9200BE9EBB /* RealmRepositoryTest.swift */ = {isa = PBXFileReference; lastKnownFileType = sourcecode.swift; path = RealmRepositoryTest.swift; sourceTree = "<group>"; };
		006F74EF2719E20700BE9EBB /* CacheServiceTest.swift */ = {isa = PBXFileReference; lastKnownFileType = sourcecode.swift; path = CacheServiceTest.swift; sourceTree = "<group>"; };
		006F74F32719EC4000BE9EBB /* MovieListViewModelTest.swift */ = {isa = PBXFileReference; lastKnownFileType = sourcecode.swift; path = MovieListViewModelTest.swift; sourceTree = "<group>"; };
		006F74F52719F36700BE9EBB /* MockMoviesAPIService.swift */ = {isa = PBXFileReference; lastKnownFileType = sourcecode.swift; path = MockMoviesAPIService.swift; sourceTree = "<group>"; };
		006F74F72719FBE300BE9EBB /* AssemblyTest.swift */ = {isa = PBXFileReference; lastKnownFileType = sourcecode.swift; path = AssemblyTest.swift; sourceTree = "<group>"; };
		006F74FA271A011200BE9EBB /* MockNavigationController.swift */ = {isa = PBXFileReference; lastKnownFileType = sourcecode.swift; path = MockNavigationController.swift; sourceTree = "<group>"; };
		006F74FC271A01F900BE9EBB /* MockRepository.swift */ = {isa = PBXFileReference; lastKnownFileType = sourcecode.swift; path = MockRepository.swift; sourceTree = "<group>"; };
		0075C61B271849FC001F2504 /* ImageService.swift */ = {isa = PBXFileReference; lastKnownFileType = sourcecode.swift; path = ImageService.swift; sourceTree = "<group>"; };
		0075C61F27185E0E001F2504 /* CacheService.swift */ = {isa = PBXFileReference; lastKnownFileType = sourcecode.swift; path = CacheService.swift; sourceTree = "<group>"; };
		0098CDBA2718BB3200912797 /* Repository.swift */ = {isa = PBXFileReference; lastKnownFileType = sourcecode.swift; path = Repository.swift; sourceTree = "<group>"; };
		0098CDBC2718BE5600912797 /* RealmRepository.swift */ = {isa = PBXFileReference; lastKnownFileType = sourcecode.swift; path = RealmRepository.swift; sourceTree = "<group>"; };
		0098CDC3271973BA00912797 /* ImageAPIService.swift */ = {isa = PBXFileReference; lastKnownFileType = sourcecode.swift; path = ImageAPIService.swift; sourceTree = "<group>"; };
		00A56C01271A269F00A75FE1 /* MovieCellViewModelTest.swift */ = {isa = PBXFileReference; lastKnownFileType = sourcecode.swift; path = MovieCellViewModelTest.swift; sourceTree = "<group>"; };
		00AD94B226B55033003CF3E6 /* UIViewController+.swift */ = {isa = PBXFileReference; lastKnownFileType = sourcecode.swift; path = "UIViewController+.swift"; sourceTree = "<group>"; };
		00ADBB432715F5D0008A39A6 /* MovieDetailViewModel.swift */ = {isa = PBXFileReference; lastKnownFileType = sourcecode.swift; path = MovieDetailViewModel.swift; sourceTree = "<group>"; };
		00ADBB4827162224008A39A6 /* Assembly.swift */ = {isa = PBXFileReference; lastKnownFileType = sourcecode.swift; path = Assembly.swift; sourceTree = "<group>"; };
		00ADD90526B1575F0077DBB7 /* MovieAPIService.swift */ = {isa = PBXFileReference; lastKnownFileType = sourcecode.swift; path = MovieAPIService.swift; sourceTree = "<group>"; };
		00ADD90726B157800077DBB7 /* URLConstants.swift */ = {isa = PBXFileReference; lastKnownFileType = sourcecode.swift; path = URLConstants.swift; sourceTree = "<group>"; };
		00ADD90926B158E30077DBB7 /* MoviesList.swift */ = {isa = PBXFileReference; lastKnownFileType = sourcecode.swift; path = MoviesList.swift; sourceTree = "<group>"; };
		00CEA67D26B19611006B01E2 /* BaseNavigationController.swift */ = {isa = PBXFileReference; lastKnownFileType = sourcecode.swift; path = BaseNavigationController.swift; sourceTree = "<group>"; };
		00CEA67F26B1B856006B01E2 /* FooterView.swift */ = {isa = PBXFileReference; lastKnownFileType = sourcecode.swift; path = FooterView.swift; sourceTree = "<group>"; };
		00CEA68226B1E475006B01E2 /* UIButton+.swift */ = {isa = PBXFileReference; lastKnownFileType = sourcecode.swift; path = "UIButton+.swift"; sourceTree = "<group>"; };
/* End PBXFileReference section */

/* Begin PBXFrameworksBuildPhase section */
		000E8D1227175CE3000C6DE5 /* Frameworks */ = {
			isa = PBXFrameworksBuildPhase;
			buildActionMask = 2147483647;
			files = (
			);
			runOnlyForDeploymentPostprocessing = 0;
		};
		00319DF426AEAD340027FC18 /* Frameworks */ = {
			isa = PBXFrameworksBuildPhase;
			buildActionMask = 2147483647;
			files = (
				0098CDC22718C12700912797 /* RealmSwift in Frameworks */,
				0098CDC02718C12700912797 /* Realm in Frameworks */,
			);
			runOnlyForDeploymentPostprocessing = 0;
		};
		006F74DD2719D26000BE9EBB /* Frameworks */ = {
			isa = PBXFrameworksBuildPhase;
			buildActionMask = 2147483647;
			files = (
			);
			runOnlyForDeploymentPostprocessing = 0;
		};
/* End PBXFrameworksBuildPhase section */

/* Begin PBXGroup section */
		0001C7B727197912005F9E0E /* API Services */ = {
			isa = PBXGroup;
			children = (
				0098CDC3271973BA00912797 /* ImageAPIService.swift */,
				00ADD90526B1575F0077DBB7 /* MovieAPIService.swift */,
			);
			path = "API Services";
			sourceTree = "<group>";
		};
		000E8CFB271724B0000C6DE5 /* Environments */ = {
			isa = PBXGroup;
			children = (
				00319E0826AEAD350027FC18 /* Info.plist */,
			);
			path = Environments;
			sourceTree = "<group>";
		};
		000E8CFC271724FC000C6DE5 /* App */ = {
			isa = PBXGroup;
			children = (
				00319DFA26AEAD340027FC18 /* AppDelegate.swift */,
				00319DFC26AEAD340027FC18 /* SceneDelegate.swift */,
				000E8D012717286D000C6DE5 /* Buisiness Logic */,
				000E8CFF27172697000C6DE5 /* Flows */,
			);
			path = App;
			sourceTree = "<group>";
		};
		000E8CFD2717254D000C6DE5 /* Core */ = {
			isa = PBXGroup;
			children = (
				00ADD90726B157800077DBB7 /* URLConstants.swift */,
				0001C7BA27198EA1005F9E0E /* CustomError.swift */,
				00289C622715CE8500EE8D0D /* GlobalConstants.swift */,
				000A3BB927149A9200F558E0 /* Typealiases.swift */,
				000E8CFE2717255F000C6DE5 /* Extensions */,
				00CEA68126B1E467006B01E2 /* Custom */,
			);
			path = Core;
			sourceTree = "<group>";
		};
		000E8CFE2717255F000C6DE5 /* Extensions */ = {
			isa = PBXGroup;
			children = (
				00CEA68226B1E475006B01E2 /* UIButton+.swift */,
				00393AAB26B35020002C8E6C /* UILabel+.swift */,
				0004681A26B3F62100D3524F /* UIImage+.swift */,
				00AD94B226B55033003CF3E6 /* UIViewController+.swift */,
				0060AB942714EB820050E2BC /* UIView+.swift */,
				000E8D0A27172A63000C6DE5 /* UIApplication+.swift */,
			);
			path = Extensions;
			sourceTree = "<group>";
		};
		000E8CFF27172697000C6DE5 /* Flows */ = {
			isa = PBXGroup;
			children = (
				00B577B626AF32BA00F75C85 /* MoviesList */,
				00393A9C26B2B362002C8E6C /* MovieDetail */,
			);
			path = Flows;
			sourceTree = "<group>";
		};
		000E8D00271726B7000C6DE5 /* Services */ = {
			isa = PBXGroup;
			children = (
				0001C7B727197912005F9E0E /* API Services */,
				0075C61E27185884001F2504 /* Images */,
				0075C61F27185E0E001F2504 /* CacheService.swift */,
			);
			path = Services;
			sourceTree = "<group>";
		};
		000E8D012717286D000C6DE5 /* Buisiness Logic */ = {
			isa = PBXGroup;
			children = (
				00ADBB4827162224008A39A6 /* Assembly.swift */,
				0098CDB92718BAED00912797 /* Repository */,
				000E8D04271728BC000C6DE5 /* Coordinators */,
				000E8D00271726B7000C6DE5 /* Services */,
			);
			path = "Buisiness Logic";
			sourceTree = "<group>";
		};
		000E8D04271728BC000C6DE5 /* Coordinators */ = {
			isa = PBXGroup;
			children = (
				000E8D02271728B7000C6DE5 /* BaseCoordinatorProtocol.swift */,
				000E8D0C27172EDD000C6DE5 /* ApplicationCoordinator.swift */,
				000E8D0E27172F73000C6DE5 /* Flows Coordonators */,
			);
			path = Coordinators;
			sourceTree = "<group>";
		};
		000E8D052717294A000C6DE5 /* View */ = {
			isa = PBXGroup;
			children = (
				000E8D062717294A000C6DE5 /* MoviesListViewController.swift */,
				000E8D072717294A000C6DE5 /* MovieCollectionViewCell.swift */,
			);
			path = View;
			sourceTree = "<group>";
		};
		000E8D0E27172F73000C6DE5 /* Flows Coordonators */ = {
			isa = PBXGroup;
			children = (
				000E8D0F27172FC0000C6DE5 /* MovieListCoordinator.swift */,
			);
			path = "Flows Coordonators";
			sourceTree = "<group>";
		};
		000E8D1627175CE3000C6DE5 /* MoviesAppTests */ = {
			isa = PBXGroup;
			children = (
				006F74F9271A00E200BE9EBB /* Mocks */,
				000E8D1727175CE3000C6DE5 /* CoordinatorTests.swift */,
				006F74ED2719DB9200BE9EBB /* RealmRepositoryTest.swift */,
				006F74EF2719E20700BE9EBB /* CacheServiceTest.swift */,
				006F74F32719EC4000BE9EBB /* MovieListViewModelTest.swift */,
				006F74F72719FBE300BE9EBB /* AssemblyTest.swift */,
				00A56C01271A269F00A75FE1 /* MovieCellViewModelTest.swift */,
			);
			path = MoviesAppTests;
			sourceTree = "<group>";
		};
		00319DEE26AEAD340027FC18 = {
			isa = PBXGroup;
			children = (
				00319DF926AEAD340027FC18 /* MoviesApp */,
				000E8D1627175CE3000C6DE5 /* MoviesAppTests */,
				006F74E12719D26000BE9EBB /* MovieAppUITests */,
				00319DF826AEAD340027FC18 /* Products */,
			);
			sourceTree = "<group>";
		};
		00319DF826AEAD340027FC18 /* Products */ = {
			isa = PBXGroup;
			children = (
				00319DF726AEAD340027FC18 /* MoviesApp.app */,
				000E8D1527175CE3000C6DE5 /* MoviesAppTests.xctest */,
				006F74E02719D26000BE9EBB /* MovieAppUITests.xctest */,
			);
			name = Products;
			sourceTree = "<group>";
		};
		00319DF926AEAD340027FC18 /* MoviesApp */ = {
			isa = PBXGroup;
			children = (
				000E8CFC271724FC000C6DE5 /* App */,
				000E8CFD2717254D000C6DE5 /* Core */,
				00319E1126AEADBB0027FC18 /* Resources */,
				000E8CFB271724B0000C6DE5 /* Environments */,
			);
			path = MoviesApp;
			sourceTree = "<group>";
		};
		00319E1126AEADBB0027FC18 /* Resources */ = {
			isa = PBXGroup;
			children = (
				00319E0526AEAD350027FC18 /* LaunchScreen.storyboard */,
				00319E0326AEAD350027FC18 /* Assets.xcassets */,
			);
			path = Resources;
			sourceTree = "<group>";
		};
		00393A9C26B2B362002C8E6C /* MovieDetail */ = {
			isa = PBXGroup;
			children = (
				00393A9F26B2B38D002C8E6C /* Model */,
				00393A9E26B2B386002C8E6C /* View */,
				00393A9D26B2B37B002C8E6C /* ViewModel */,
			);
			path = MovieDetail;
			sourceTree = "<group>";
		};
		00393A9D26B2B37B002C8E6C /* ViewModel */ = {
			isa = PBXGroup;
			children = (
				00ADBB432715F5D0008A39A6 /* MovieDetailViewModel.swift */,
			);
			path = ViewModel;
			sourceTree = "<group>";
		};
		00393A9E26B2B386002C8E6C /* View */ = {
			isa = PBXGroup;
			children = (
				00ADBB452715FDBE008A39A6 /* Cells */,
				00393AA026B2B3A4002C8E6C /* MovieDetailViewController.swift */,
				00393AA226B2B511002C8E6C /* MovieDetailView.swift */,
			);
			path = View;
			sourceTree = "<group>";
		};
		00393A9F26B2B38D002C8E6C /* Model */ = {
			isa = PBXGroup;
			children = (
				00393AA426B2B783002C8E6C /* MovieInfo.swift */,
			);
			path = Model;
			sourceTree = "<group>";
		};
		006F74E12719D26000BE9EBB /* MovieAppUITests */ = {
			isa = PBXGroup;
			children = (
				006F74E22719D26000BE9EBB /* MovieAppUITests.swift */,
				006F74EB2719D30E00BE9EBB /* XCUIElement+.swift */,
			);
			path = MovieAppUITests;
			sourceTree = "<group>";
		};
		006F74F9271A00E200BE9EBB /* Mocks */ = {
			isa = PBXGroup;
			children = (
				006F74F52719F36700BE9EBB /* MockMoviesAPIService.swift */,
				006F74FA271A011200BE9EBB /* MockNavigationController.swift */,
				006F74FC271A01F900BE9EBB /* MockRepository.swift */,
			);
			path = Mocks;
			sourceTree = "<group>";
		};
		0075C61E27185884001F2504 /* Images */ = {
			isa = PBXGroup;
			children = (
				0075C61B271849FC001F2504 /* ImageService.swift */,
				0001C7B827197BE6005F9E0E /* ImageAPIServiceProxy.swift */,
			);
			path = Images;
			sourceTree = "<group>";
		};
		0098CDB92718BAED00912797 /* Repository */ = {
			isa = PBXGroup;
			children = (
				0098CDBA2718BB3200912797 /* Repository.swift */,
				0098CDBC2718BE5600912797 /* RealmRepository.swift */,
			);
			path = Repository;
			sourceTree = "<group>";
		};
		00ADBB452715FDBE008A39A6 /* Cells */ = {
			isa = PBXGroup;
			children = (
				00393AA726B2E514002C8E6C /* MoviePosterTableViewCell.swift */,
				00393AA926B34B7E002C8E6C /* MovieRatingTableViewCell.swift */,
				0004681826B3F21D00D3524F /* MovieReleaseInfoTableViewCell.swift */,
				0004681C26B40C9E00D3524F /* MovieOverviewTableViewCell.swift */,
				005B3EA32716FEA50059CB2C /* MovieInfoCell.swift */,
			);
			path = Cells;
			sourceTree = "<group>";
		};
		00B577B626AF32BA00F75C85 /* MoviesList */ = {
			isa = PBXGroup;
			children = (
				00B577B926AF32FC00F75C85 /* Model */,
				000E8D052717294A000C6DE5 /* View */,
				00D7A2F7270B12A300B4116E /* ViewModel */,
			);
			path = MoviesList;
			sourceTree = "<group>";
		};
		00B577B926AF32FC00F75C85 /* Model */ = {
			isa = PBXGroup;
			children = (
				00ADD90926B158E30077DBB7 /* MoviesList.swift */,
				002CEC3326B21881001C0AD0 /* MoviesCategories.swift */,
				000A3BBB27149AD300F558E0 /* ViewData.swift */,
			);
			path = Model;
			sourceTree = "<group>";
		};
		00CEA68126B1E467006B01E2 /* Custom */ = {
			isa = PBXGroup;
			children = (
				00CEA67F26B1B856006B01E2 /* FooterView.swift */,
				00CEA67D26B19611006B01E2 /* BaseNavigationController.swift */,
			);
			path = Custom;
			sourceTree = "<group>";
		};
		00D7A2F7270B12A300B4116E /* ViewModel */ = {
			isa = PBXGroup;
			children = (
				000A3BB727148FA900F558E0 /* MovieListViewModel.swift */,
				0060AB902714C7F90050E2BC /* MovieCellViewModel.swift */,
			);
			path = ViewModel;
			sourceTree = "<group>";
		};
/* End PBXGroup section */

/* Begin PBXNativeTarget section */
		000E8D1427175CE3000C6DE5 /* MoviesAppTests */ = {
			isa = PBXNativeTarget;
			buildConfigurationList = 000E8D1B27175CE3000C6DE5 /* Build configuration list for PBXNativeTarget "MoviesAppTests" */;
			buildPhases = (
				000E8D1127175CE3000C6DE5 /* Sources */,
				000E8D1227175CE3000C6DE5 /* Frameworks */,
				000E8D1327175CE3000C6DE5 /* Resources */,
			);
			buildRules = (
			);
			dependencies = (
				000E8D1A27175CE3000C6DE5 /* PBXTargetDependency */,
			);
			name = MoviesAppTests;
			productName = MoviesAppTests;
			productReference = 000E8D1527175CE3000C6DE5 /* MoviesAppTests.xctest */;
			productType = "com.apple.product-type.bundle.unit-test";
		};
		00319DF626AEAD340027FC18 /* MoviesApp */ = {
			isa = PBXNativeTarget;
			buildConfigurationList = 00319E0B26AEAD350027FC18 /* Build configuration list for PBXNativeTarget "MoviesApp" */;
			buildPhases = (
				00319DF326AEAD340027FC18 /* Sources */,
				00319DF426AEAD340027FC18 /* Frameworks */,
				00319DF526AEAD340027FC18 /* Resources */,
				0039F93A26AEE69D0055081F /* Swift Formatter */,
				0039F93926AEE67E0055081F /* Swift Lint */,
			);
			buildRules = (
			);
			dependencies = (
			);
			name = MoviesApp;
			packageProductDependencies = (
				0098CDBF2718C12700912797 /* Realm */,
				0098CDC12718C12700912797 /* RealmSwift */,
			);
			productName = MoviesApp;
			productReference = 00319DF726AEAD340027FC18 /* MoviesApp.app */;
			productType = "com.apple.product-type.application";
		};
		006F74DF2719D26000BE9EBB /* MovieAppUITests */ = {
			isa = PBXNativeTarget;
			buildConfigurationList = 006F74EA2719D26000BE9EBB /* Build configuration list for PBXNativeTarget "MovieAppUITests" */;
			buildPhases = (
				006F74DC2719D26000BE9EBB /* Sources */,
				006F74DD2719D26000BE9EBB /* Frameworks */,
				006F74DE2719D26000BE9EBB /* Resources */,
			);
			buildRules = (
			);
			dependencies = (
				006F74E72719D26000BE9EBB /* PBXTargetDependency */,
			);
			name = MovieAppUITests;
			productName = MovieAppUITests;
			productReference = 006F74E02719D26000BE9EBB /* MovieAppUITests.xctest */;
			productType = "com.apple.product-type.bundle.ui-testing";
		};
/* End PBXNativeTarget section */

/* Begin PBXProject section */
		00319DEF26AEAD340027FC18 /* Project object */ = {
			isa = PBXProject;
			attributes = {
				LastSwiftUpdateCheck = 1300;
				LastUpgradeCheck = 1250;
				TargetAttributes = {
					000E8D1427175CE3000C6DE5 = {
						CreatedOnToolsVersion = 13.0;
						TestTargetID = 00319DF626AEAD340027FC18;
					};
					00319DF626AEAD340027FC18 = {
						CreatedOnToolsVersion = 12.5.1;
					};
					006F74DF2719D26000BE9EBB = {
						CreatedOnToolsVersion = 13.0;
						TestTargetID = 00319DF626AEAD340027FC18;
					};
				};
			};
			buildConfigurationList = 00319DF226AEAD340027FC18 /* Build configuration list for PBXProject "MoviesApp" */;
			compatibilityVersion = "Xcode 9.3";
			developmentRegion = en;
			hasScannedForEncodings = 0;
			knownRegions = (
				en,
				Base,
			);
			mainGroup = 00319DEE26AEAD340027FC18;
			packageReferences = (
				0098CDBE2718C12700912797 /* XCRemoteSwiftPackageReference "realm-cocoa" */,
			);
			productRefGroup = 00319DF826AEAD340027FC18 /* Products */;
			projectDirPath = "";
			projectRoot = "";
			targets = (
				00319DF626AEAD340027FC18 /* MoviesApp */,
				000E8D1427175CE3000C6DE5 /* MoviesAppTests */,
				006F74DF2719D26000BE9EBB /* MovieAppUITests */,
			);
		};
/* End PBXProject section */

/* Begin PBXResourcesBuildPhase section */
		000E8D1327175CE3000C6DE5 /* Resources */ = {
			isa = PBXResourcesBuildPhase;
			buildActionMask = 2147483647;
			files = (
			);
			runOnlyForDeploymentPostprocessing = 0;
		};
		00319DF526AEAD340027FC18 /* Resources */ = {
			isa = PBXResourcesBuildPhase;
			buildActionMask = 2147483647;
			files = (
				00319E0726AEAD350027FC18 /* LaunchScreen.storyboard in Resources */,
				00319E0426AEAD350027FC18 /* Assets.xcassets in Resources */,
			);
			runOnlyForDeploymentPostprocessing = 0;
		};
		006F74DE2719D26000BE9EBB /* Resources */ = {
			isa = PBXResourcesBuildPhase;
			buildActionMask = 2147483647;
			files = (
			);
			runOnlyForDeploymentPostprocessing = 0;
		};
/* End PBXResourcesBuildPhase section */

/* Begin PBXShellScriptBuildPhase section */
		0039F93926AEE67E0055081F /* Swift Lint */ = {
			isa = PBXShellScriptBuildPhase;
			buildActionMask = 2147483647;
			files = (
			);
			inputFileListPaths = (
			);
			inputPaths = (
			);
			name = "Swift Lint";
			outputFileListPaths = (
			);
			outputPaths = (
			);
			runOnlyForDeploymentPostprocessing = 0;
			shellPath = /bin/sh;
			shellScript = "if test -d \"/opt/homebrew/bin/\"; then\n  PATH=\"/opt/homebrew/bin/:${PATH}\"\nfi\n\nexport PATH\n\nif which swiftlint >/dev/null; then\n  swiftlint\nelse\n  echo \"warning: SwiftLint not installed, download from https://github.com/realm/SwiftLint\"\nfi\n";
		};
		0039F93A26AEE69D0055081F /* Swift Formatter */ = {
			isa = PBXShellScriptBuildPhase;
			buildActionMask = 2147483647;
			files = (
			);
			inputFileListPaths = (
			);
			inputPaths = (
			);
			name = "Swift Formatter";
			outputFileListPaths = (
			);
			outputPaths = (
			);
			runOnlyForDeploymentPostprocessing = 0;
			shellPath = /bin/sh;
			shellScript = "if test -d \"/opt/homebrew/bin/\"; then\n  PATH=\"/opt/homebrew/bin/:${PATH}\"\nfi\n\nexport PATH\n\nif which swiftformat >/dev/null; then\n  swiftformat .\nelse\n  echo \"warning: SwiftFormat not installed, download from https://github.com/nicklockwood/SwiftFormat\"\nfi\n";
		};
/* End PBXShellScriptBuildPhase section */

/* Begin PBXSourcesBuildPhase section */
		000E8D1127175CE3000C6DE5 /* Sources */ = {
			isa = PBXSourcesBuildPhase;
			buildActionMask = 2147483647;
			files = (
				00A56C02271A269F00A75FE1 /* MovieCellViewModelTest.swift in Sources */,
				000E8D1827175CE3000C6DE5 /* CoordinatorTests.swift in Sources */,
				006F74FD271A01F900BE9EBB /* MockRepository.swift in Sources */,
				006F74EE2719DB9200BE9EBB /* RealmRepositoryTest.swift in Sources */,
				006F74F02719E20700BE9EBB /* CacheServiceTest.swift in Sources */,
				006F74F42719EC4000BE9EBB /* MovieListViewModelTest.swift in Sources */,
				006F74F62719F36700BE9EBB /* MockMoviesAPIService.swift in Sources */,
				006F74FB271A011200BE9EBB /* MockNavigationController.swift in Sources */,
				006F74F82719FBE300BE9EBB /* AssemblyTest.swift in Sources */,
			);
			runOnlyForDeploymentPostprocessing = 0;
		};
		00319DF326AEAD340027FC18 /* Sources */ = {
			isa = PBXSourcesBuildPhase;
			buildActionMask = 2147483647;
			files = (
				0098CDC4271973BA00912797 /* ImageAPIService.swift in Sources */,
				00393AA526B2B783002C8E6C /* MovieInfo.swift in Sources */,
				00393AAA26B34B7E002C8E6C /* MovieRatingTableViewCell.swift in Sources */,
				000A3BBC27149AD300F558E0 /* ViewData.swift in Sources */,
				00CEA67E26B19611006B01E2 /* BaseNavigationController.swift in Sources */,
				00ADBB4927162224008A39A6 /* Assembly.swift in Sources */,
				00319DFB26AEAD340027FC18 /* AppDelegate.swift in Sources */,
				000E8D082717294A000C6DE5 /* MoviesListViewController.swift in Sources */,
				0060AB912714C7F90050E2BC /* MovieCellViewModel.swift in Sources */,
				0098CDBB2718BB3200912797 /* Repository.swift in Sources */,
				00319DFD26AEAD340027FC18 /* SceneDelegate.swift in Sources */,
				0001C7BB27198EA1005F9E0E /* CustomError.swift in Sources */,
				00CEA68026B1B856006B01E2 /* FooterView.swift in Sources */,
				0004681926B3F21D00D3524F /* MovieReleaseInfoTableViewCell.swift in Sources */,
				00393AAC26B35020002C8E6C /* UILabel+.swift in Sources */,
				0098CDBD2718BE5600912797 /* RealmRepository.swift in Sources */,
				000A3BBA27149A9200F558E0 /* Typealiases.swift in Sources */,
				000E8D092717294A000C6DE5 /* MovieCollectionViewCell.swift in Sources */,
				00ADBB4627160335008A39A6 /* MovieDetailViewModel.swift in Sources */,
				00ADD90626B1575F0077DBB7 /* MovieAPIService.swift in Sources */,
				000E8D1027172FC0000C6DE5 /* MovieListCoordinator.swift in Sources */,
				00393AA326B2B511002C8E6C /* MovieDetailView.swift in Sources */,
				0001C7B927197BE6005F9E0E /* ImageAPIServiceProxy.swift in Sources */,
				0060AB952714EB830050E2BC /* UIView+.swift in Sources */,
				00393AA826B2E514002C8E6C /* MoviePosterTableViewCell.swift in Sources */,
				00AD94B326B55033003CF3E6 /* UIViewController+.swift in Sources */,
				000A3BB827148FA900F558E0 /* MovieListViewModel.swift in Sources */,
				000E8D0D27172EDD000C6DE5 /* ApplicationCoordinator.swift in Sources */,
				00ADD90A26B158E30077DBB7 /* MoviesList.swift in Sources */,
				000E8D03271728B7000C6DE5 /* BaseCoordinatorProtocol.swift in Sources */,
				00ADBB472716033A008A39A6 /* MovieDetailViewController.swift in Sources */,
				00289C632715CE8500EE8D0D /* GlobalConstants.swift in Sources */,
				005B3EA42716FEA50059CB2C /* MovieInfoCell.swift in Sources */,
				00ADD90826B157800077DBB7 /* URLConstants.swift in Sources */,
				0075C61C271849FC001F2504 /* ImageService.swift in Sources */,
				000E8D0B27172A63000C6DE5 /* UIApplication+.swift in Sources */,
				002CEC3426B21881001C0AD0 /* MoviesCategories.swift in Sources */,
				00CEA68326B1E475006B01E2 /* UIButton+.swift in Sources */,
				0004681D26B40C9E00D3524F /* MovieOverviewTableViewCell.swift in Sources */,
				0075C62027185E0E001F2504 /* CacheService.swift in Sources */,
				0004681B26B3F62100D3524F /* UIImage+.swift in Sources */,
			);
			runOnlyForDeploymentPostprocessing = 0;
		};
		006F74DC2719D26000BE9EBB /* Sources */ = {
			isa = PBXSourcesBuildPhase;
			buildActionMask = 2147483647;
			files = (
				006F74E32719D26000BE9EBB /* MovieAppUITests.swift in Sources */,
				006F74EC2719D30E00BE9EBB /* XCUIElement+.swift in Sources */,
			);
			runOnlyForDeploymentPostprocessing = 0;
		};
/* End PBXSourcesBuildPhase section */

/* Begin PBXTargetDependency section */
		000E8D1A27175CE3000C6DE5 /* PBXTargetDependency */ = {
			isa = PBXTargetDependency;
			target = 00319DF626AEAD340027FC18 /* MoviesApp */;
			targetProxy = 000E8D1927175CE3000C6DE5 /* PBXContainerItemProxy */;
		};
		006F74E72719D26000BE9EBB /* PBXTargetDependency */ = {
			isa = PBXTargetDependency;
			target = 00319DF626AEAD340027FC18 /* MoviesApp */;
			targetProxy = 006F74E62719D26000BE9EBB /* PBXContainerItemProxy */;
		};
/* End PBXTargetDependency section */

/* Begin PBXVariantGroup section */
		00319E0526AEAD350027FC18 /* LaunchScreen.storyboard */ = {
			isa = PBXVariantGroup;
			children = (
				00319E0626AEAD350027FC18 /* Base */,
			);
			name = LaunchScreen.storyboard;
			sourceTree = "<group>";
		};
/* End PBXVariantGroup section */

/* Begin XCBuildConfiguration section */
		000E8D1C27175CE3000C6DE5 /* Debug */ = {
			isa = XCBuildConfiguration;
			buildSettings = {
				BUNDLE_LOADER = "$(TEST_HOST)";
				CLANG_CXX_LANGUAGE_STANDARD = "gnu++17";
				CODE_SIGN_STYLE = Automatic;
				CURRENT_PROJECT_VERSION = 1;
				DEVELOPMENT_TEAM = M7GT66Q42D;
				GENERATE_INFOPLIST_FILE = YES;
				IPHONEOS_DEPLOYMENT_TARGET = 15.0;
				LD_RUNPATH_SEARCH_PATHS = (
					"$(inherited)",
					"@executable_path/Frameworks",
					"@loader_path/Frameworks",
				);
				MARKETING_VERSION = 1.0;
				PRODUCT_BUNDLE_IDENTIFIER = bimol.MoviesAppTests;
				PRODUCT_NAME = "$(TARGET_NAME)";
				SWIFT_EMIT_LOC_STRINGS = NO;
				SWIFT_VERSION = 5.0;
				TARGETED_DEVICE_FAMILY = "1,2";
				TEST_HOST = "$(BUILT_PRODUCTS_DIR)/MoviesApp.app/MoviesApp";
			};
			name = Debug;
		};
		000E8D1D27175CE3000C6DE5 /* Release */ = {
			isa = XCBuildConfiguration;
			buildSettings = {
				BUNDLE_LOADER = "$(TEST_HOST)";
				CLANG_CXX_LANGUAGE_STANDARD = "gnu++17";
				CODE_SIGN_STYLE = Automatic;
				CURRENT_PROJECT_VERSION = 1;
				DEVELOPMENT_TEAM = M7GT66Q42D;
				GENERATE_INFOPLIST_FILE = YES;
				IPHONEOS_DEPLOYMENT_TARGET = 15.0;
				LD_RUNPATH_SEARCH_PATHS = (
					"$(inherited)",
					"@executable_path/Frameworks",
					"@loader_path/Frameworks",
				);
				MARKETING_VERSION = 1.0;
				PRODUCT_BUNDLE_IDENTIFIER = bimol.MoviesAppTests;
				PRODUCT_NAME = "$(TARGET_NAME)";
				SWIFT_EMIT_LOC_STRINGS = NO;
				SWIFT_VERSION = 5.0;
				TARGETED_DEVICE_FAMILY = "1,2";
				TEST_HOST = "$(BUILT_PRODUCTS_DIR)/MoviesApp.app/MoviesApp";
			};
			name = Release;
		};
		00319E0926AEAD350027FC18 /* Debug */ = {
			isa = XCBuildConfiguration;
			buildSettings = {
				ALWAYS_SEARCH_USER_PATHS = NO;
				CLANG_ANALYZER_NONNULL = YES;
				CLANG_ANALYZER_NUMBER_OBJECT_CONVERSION = YES_AGGRESSIVE;
				CLANG_CXX_LANGUAGE_STANDARD = "gnu++14";
				CLANG_CXX_LIBRARY = "libc++";
				CLANG_ENABLE_MODULES = YES;
				CLANG_ENABLE_OBJC_ARC = YES;
				CLANG_ENABLE_OBJC_WEAK = YES;
				CLANG_WARN_BLOCK_CAPTURE_AUTORELEASING = YES;
				CLANG_WARN_BOOL_CONVERSION = YES;
				CLANG_WARN_COMMA = YES;
				CLANG_WARN_CONSTANT_CONVERSION = YES;
				CLANG_WARN_DEPRECATED_OBJC_IMPLEMENTATIONS = YES;
				CLANG_WARN_DIRECT_OBJC_ISA_USAGE = YES_ERROR;
				CLANG_WARN_DOCUMENTATION_COMMENTS = YES;
				CLANG_WARN_EMPTY_BODY = YES;
				CLANG_WARN_ENUM_CONVERSION = YES;
				CLANG_WARN_INFINITE_RECURSION = YES;
				CLANG_WARN_INT_CONVERSION = YES;
				CLANG_WARN_NON_LITERAL_NULL_CONVERSION = YES;
				CLANG_WARN_OBJC_IMPLICIT_RETAIN_SELF = YES;
				CLANG_WARN_OBJC_LITERAL_CONVERSION = YES;
				CLANG_WARN_OBJC_ROOT_CLASS = YES_ERROR;
				CLANG_WARN_QUOTED_INCLUDE_IN_FRAMEWORK_HEADER = YES;
				CLANG_WARN_RANGE_LOOP_ANALYSIS = YES;
				CLANG_WARN_STRICT_PROTOTYPES = YES;
				CLANG_WARN_SUSPICIOUS_MOVE = YES;
				CLANG_WARN_UNGUARDED_AVAILABILITY = YES_AGGRESSIVE;
				CLANG_WARN_UNREACHABLE_CODE = YES;
				CLANG_WARN__DUPLICATE_METHOD_MATCH = YES;
				COPY_PHASE_STRIP = NO;
				DEBUG_INFORMATION_FORMAT = dwarf;
				ENABLE_STRICT_OBJC_MSGSEND = YES;
				ENABLE_TESTABILITY = YES;
				GCC_C_LANGUAGE_STANDARD = gnu11;
				GCC_DYNAMIC_NO_PIC = NO;
				GCC_NO_COMMON_BLOCKS = YES;
				GCC_OPTIMIZATION_LEVEL = 0;
				GCC_PREPROCESSOR_DEFINITIONS = (
					"DEBUG=1",
					"$(inherited)",
				);
				GCC_WARN_64_TO_32_BIT_CONVERSION = YES;
				GCC_WARN_ABOUT_RETURN_TYPE = YES_ERROR;
				GCC_WARN_UNDECLARED_SELECTOR = YES;
				GCC_WARN_UNINITIALIZED_AUTOS = YES_AGGRESSIVE;
				GCC_WARN_UNUSED_FUNCTION = YES;
				GCC_WARN_UNUSED_VARIABLE = YES;
				IPHONEOS_DEPLOYMENT_TARGET = 14.5;
				MTL_ENABLE_DEBUG_INFO = INCLUDE_SOURCE;
				MTL_FAST_MATH = YES;
				ONLY_ACTIVE_ARCH = YES;
				SDKROOT = iphoneos;
				SWIFT_ACTIVE_COMPILATION_CONDITIONS = DEBUG;
				SWIFT_OPTIMIZATION_LEVEL = "-Onone";
			};
			name = Debug;
		};
		00319E0A26AEAD350027FC18 /* Release */ = {
			isa = XCBuildConfiguration;
			buildSettings = {
				ALWAYS_SEARCH_USER_PATHS = NO;
				CLANG_ANALYZER_NONNULL = YES;
				CLANG_ANALYZER_NUMBER_OBJECT_CONVERSION = YES_AGGRESSIVE;
				CLANG_CXX_LANGUAGE_STANDARD = "gnu++14";
				CLANG_CXX_LIBRARY = "libc++";
				CLANG_ENABLE_MODULES = YES;
				CLANG_ENABLE_OBJC_ARC = YES;
				CLANG_ENABLE_OBJC_WEAK = YES;
				CLANG_WARN_BLOCK_CAPTURE_AUTORELEASING = YES;
				CLANG_WARN_BOOL_CONVERSION = YES;
				CLANG_WARN_COMMA = YES;
				CLANG_WARN_CONSTANT_CONVERSION = YES;
				CLANG_WARN_DEPRECATED_OBJC_IMPLEMENTATIONS = YES;
				CLANG_WARN_DIRECT_OBJC_ISA_USAGE = YES_ERROR;
				CLANG_WARN_DOCUMENTATION_COMMENTS = YES;
				CLANG_WARN_EMPTY_BODY = YES;
				CLANG_WARN_ENUM_CONVERSION = YES;
				CLANG_WARN_INFINITE_RECURSION = YES;
				CLANG_WARN_INT_CONVERSION = YES;
				CLANG_WARN_NON_LITERAL_NULL_CONVERSION = YES;
				CLANG_WARN_OBJC_IMPLICIT_RETAIN_SELF = YES;
				CLANG_WARN_OBJC_LITERAL_CONVERSION = YES;
				CLANG_WARN_OBJC_ROOT_CLASS = YES_ERROR;
				CLANG_WARN_QUOTED_INCLUDE_IN_FRAMEWORK_HEADER = YES;
				CLANG_WARN_RANGE_LOOP_ANALYSIS = YES;
				CLANG_WARN_STRICT_PROTOTYPES = YES;
				CLANG_WARN_SUSPICIOUS_MOVE = YES;
				CLANG_WARN_UNGUARDED_AVAILABILITY = YES_AGGRESSIVE;
				CLANG_WARN_UNREACHABLE_CODE = YES;
				CLANG_WARN__DUPLICATE_METHOD_MATCH = YES;
				COPY_PHASE_STRIP = NO;
				DEBUG_INFORMATION_FORMAT = "dwarf-with-dsym";
				ENABLE_NS_ASSERTIONS = NO;
				ENABLE_STRICT_OBJC_MSGSEND = YES;
				GCC_C_LANGUAGE_STANDARD = gnu11;
				GCC_NO_COMMON_BLOCKS = YES;
				GCC_WARN_64_TO_32_BIT_CONVERSION = YES;
				GCC_WARN_ABOUT_RETURN_TYPE = YES_ERROR;
				GCC_WARN_UNDECLARED_SELECTOR = YES;
				GCC_WARN_UNINITIALIZED_AUTOS = YES_AGGRESSIVE;
				GCC_WARN_UNUSED_FUNCTION = YES;
				GCC_WARN_UNUSED_VARIABLE = YES;
				IPHONEOS_DEPLOYMENT_TARGET = 14.5;
				MTL_ENABLE_DEBUG_INFO = NO;
				MTL_FAST_MATH = YES;
				SDKROOT = iphoneos;
				SWIFT_COMPILATION_MODE = wholemodule;
				SWIFT_OPTIMIZATION_LEVEL = "-O";
				VALIDATE_PRODUCT = YES;
			};
			name = Release;
		};
		00319E0C26AEAD350027FC18 /* Debug */ = {
			isa = XCBuildConfiguration;
			buildSettings = {
				ASSETCATALOG_COMPILER_APPICON_NAME = AppIcon;
				ASSETCATALOG_COMPILER_GLOBAL_ACCENT_COLOR_NAME = AccentColor;
				CODE_SIGN_STYLE = Automatic;
				DEVELOPMENT_TEAM = M7GT66Q42D;
				INFOPLIST_FILE = MoviesApp/Environments/Info.plist;
				LD_RUNPATH_SEARCH_PATHS = (
					"$(inherited)",
					"@executable_path/Frameworks",
				);
				PRODUCT_BUNDLE_IDENTIFIER = bimol.MoviesApp;
				PRODUCT_NAME = "$(TARGET_NAME)";
				SWIFT_VERSION = 5.0;
				TARGETED_DEVICE_FAMILY = "1,2";
			};
			name = Debug;
		};
		00319E0D26AEAD350027FC18 /* Release */ = {
			isa = XCBuildConfiguration;
			buildSettings = {
				ASSETCATALOG_COMPILER_APPICON_NAME = AppIcon;
				ASSETCATALOG_COMPILER_GLOBAL_ACCENT_COLOR_NAME = AccentColor;
				CODE_SIGN_STYLE = Automatic;
				DEVELOPMENT_TEAM = M7GT66Q42D;
				INFOPLIST_FILE = MoviesApp/Environments/Info.plist;
				LD_RUNPATH_SEARCH_PATHS = (
					"$(inherited)",
					"@executable_path/Frameworks",
				);
				PRODUCT_BUNDLE_IDENTIFIER = bimol.MoviesApp;
				PRODUCT_NAME = "$(TARGET_NAME)";
				SWIFT_VERSION = 5.0;
				TARGETED_DEVICE_FAMILY = "1,2";
			};
			name = Release;
		};
		006F74E82719D26000BE9EBB /* Debug */ = {
			isa = XCBuildConfiguration;
			buildSettings = {
				CLANG_CXX_LANGUAGE_STANDARD = "gnu++17";
				CODE_SIGN_STYLE = Automatic;
				CURRENT_PROJECT_VERSION = 1;
				DEVELOPMENT_TEAM = M7GT66Q42D;
				GENERATE_INFOPLIST_FILE = YES;
				IPHONEOS_DEPLOYMENT_TARGET = 15.0;
				LD_RUNPATH_SEARCH_PATHS = (
					"$(inherited)",
					"@executable_path/Frameworks",
					"@loader_path/Frameworks",
				);
				MARKETING_VERSION = 1.0;
				PRODUCT_BUNDLE_IDENTIFIER = bimol.MovieAppUITests;
				PRODUCT_NAME = "$(TARGET_NAME)";
				SWIFT_EMIT_LOC_STRINGS = NO;
				SWIFT_VERSION = 5.0;
				TARGETED_DEVICE_FAMILY = "1,2";
				TEST_TARGET_NAME = MoviesApp;
			};
			name = Debug;
		};
		006F74E92719D26000BE9EBB /* Release */ = {
			isa = XCBuildConfiguration;
			buildSettings = {
				CLANG_CXX_LANGUAGE_STANDARD = "gnu++17";
				CODE_SIGN_STYLE = Automatic;
				CURRENT_PROJECT_VERSION = 1;
				DEVELOPMENT_TEAM = M7GT66Q42D;
				GENERATE_INFOPLIST_FILE = YES;
				IPHONEOS_DEPLOYMENT_TARGET = 15.0;
				LD_RUNPATH_SEARCH_PATHS = (
					"$(inherited)",
					"@executable_path/Frameworks",
					"@loader_path/Frameworks",
				);
				MARKETING_VERSION = 1.0;
				PRODUCT_BUNDLE_IDENTIFIER = bimol.MovieAppUITests;
				PRODUCT_NAME = "$(TARGET_NAME)";
				SWIFT_EMIT_LOC_STRINGS = NO;
				SWIFT_VERSION = 5.0;
				TARGETED_DEVICE_FAMILY = "1,2";
				TEST_TARGET_NAME = MoviesApp;
			};
			name = Release;
		};
/* End XCBuildConfiguration section */

/* Begin XCConfigurationList section */
		000E8D1B27175CE3000C6DE5 /* Build configuration list for PBXNativeTarget "MoviesAppTests" */ = {
			isa = XCConfigurationList;
			buildConfigurations = (
				000E8D1C27175CE3000C6DE5 /* Debug */,
				000E8D1D27175CE3000C6DE5 /* Release */,
			);
			defaultConfigurationIsVisible = 0;
			defaultConfigurationName = Release;
		};
		00319DF226AEAD340027FC18 /* Build configuration list for PBXProject "MoviesApp" */ = {
			isa = XCConfigurationList;
			buildConfigurations = (
				00319E0926AEAD350027FC18 /* Debug */,
				00319E0A26AEAD350027FC18 /* Release */,
			);
			defaultConfigurationIsVisible = 0;
			defaultConfigurationName = Release;
		};
		00319E0B26AEAD350027FC18 /* Build configuration list for PBXNativeTarget "MoviesApp" */ = {
			isa = XCConfigurationList;
			buildConfigurations = (
				00319E0C26AEAD350027FC18 /* Debug */,
				00319E0D26AEAD350027FC18 /* Release */,
			);
			defaultConfigurationIsVisible = 0;
			defaultConfigurationName = Release;
		};
		006F74EA2719D26000BE9EBB /* Build configuration list for PBXNativeTarget "MovieAppUITests" */ = {
			isa = XCConfigurationList;
			buildConfigurations = (
				006F74E82719D26000BE9EBB /* Debug */,
				006F74E92719D26000BE9EBB /* Release */,
			);
			defaultConfigurationIsVisible = 0;
			defaultConfigurationName = Release;
		};
/* End XCConfigurationList section */

/* Begin XCRemoteSwiftPackageReference section */
		0098CDBE2718C12700912797 /* XCRemoteSwiftPackageReference "realm-cocoa" */ = {
			isa = XCRemoteSwiftPackageReference;
			repositoryURL = "https://github.com/realm/realm-cocoa";
			requirement = {
				branch = master;
				kind = branch;
			};
		};
/* End XCRemoteSwiftPackageReference section */

/* Begin XCSwiftPackageProductDependency section */
		0098CDBF2718C12700912797 /* Realm */ = {
			isa = XCSwiftPackageProductDependency;
			package = 0098CDBE2718C12700912797 /* XCRemoteSwiftPackageReference "realm-cocoa" */;
			productName = Realm;
		};
		0098CDC12718C12700912797 /* RealmSwift */ = {
			isa = XCSwiftPackageProductDependency;
			package = 0098CDBE2718C12700912797 /* XCRemoteSwiftPackageReference "realm-cocoa" */;
			productName = RealmSwift;
		};
/* End XCSwiftPackageProductDependency section */
	};
	rootObject = 00319DEF26AEAD340027FC18 /* Project object */;
}
